
Microsoft Visual Studio Solution File, Format Version 12.00
# Visual Studio Version 17
VisualStudioVersion = 17.11.35303.130
MinimumVisualStudioVersion = 10.0.40219.1
Project("{2150E333-8FDC-42A3-9474-1A3956D46DE8}") = "Task0", "Task0", "{7951EBBB-6A99-4A54-B3D9-49620B1173DE}"
EndProject
Project("{9A19103F-16F7-4668-BE54-9A1E7A4F7556}") = "Tyuiu.RotachAO.Sprint5.Task0.V26", "Tyuiu.RotachAO.Sprint5.Task0.V26\Tyuiu.RotachAO.Sprint5.Task0.V26.csproj", "{472F4A96-CC52-43DC-806C-2FB25B86D7A1}"
EndProject
Project("{9A19103F-16F7-4668-BE54-9A1E7A4F7556}") = "Tyuiu.RotachAO.Sprint5.Task0.V26.Lib", "Tyuiu.RotachAO.Sprint5.Task0.V26.Lib\Tyuiu.RotachAO.Sprint5.Task0.V26.Lib.csproj", "{868543D3-64CB-4884-90A4-9E256728A2B6}"
EndProject
Project("{9A19103F-16F7-4668-BE54-9A1E7A4F7556}") = "Tyuiu.RotachAO.Sprint5.Task0.V26.Test", "Tyuiu.RotachAO.Sprint5.Task0.V26.Test\Tyuiu.RotachAO.Sprint5.Task0.V26.Test.csproj", "{CBE2EF12-4F18-4066-8FEA-961B83A029D5}"
EndProject
Project("{2150E333-8FDC-42A3-9474-1A3956D46DE8}") = "Task1", "Task1", "{38E3E9EE-F4E2-4975-9098-D612D5E45771}"
EndProject
Project("{9A19103F-16F7-4668-BE54-9A1E7A4F7556}") = "Tyuiu.RotachAO.Sprint5.Task1.V28", "Tyuiu.RotachAO.Sprint5.Task1.V28\Tyuiu.RotachAO.Sprint5.Task1.V28.csproj", "{BE27721C-53B2-498E-91B3-2B9E5FD51DC3}"
EndProject
Project("{9A19103F-16F7-4668-BE54-9A1E7A4F7556}") = "Tyuiu.RotachAO.Sprint5.Task1.V28.Lib", "Tyuiu.RotachAO.Sprint5.Task1.V28.Lib\Tyuiu.RotachAO.Sprint5.Task1.V28.Lib.csproj", "{A11ACCD5-20A3-4961-9E34-E50D33E8CC62}"
EndProject
Project("{9A19103F-16F7-4668-BE54-9A1E7A4F7556}") = "Tyuiu.RotachAO.Sprint5.Task1.V28.Test", "Tyuiu.RotachAO.Sprint5.Task1.V28.Test\Tyuiu.RotachAO.Sprint5.Task1.V28.Test.csproj", "{D7A79231-0E24-493F-BF8D-454F05FE65CA}"
EndProject
Project("{2150E333-8FDC-42A3-9474-1A3956D46DE8}") = "Task2", "Task2", "{D335E07C-5D27-4C9D-AA85-772D253B090A}"
EndProject
Project("{FAE04EC0-301F-11D3-BF4B-00C04F79EFBC}") = "Tyuiu.RotachAO.Sprint5.Task2.V9", "Tyuiu.RotachAO.Sprint5.Task2.V9\Tyuiu.RotachAO.Sprint5.Task2.V9.csproj", "{33E4B4B0-B39F-4683-865C-641C74E16989}"
EndProject
Project("{FAE04EC0-301F-11D3-BF4B-00C04F79EFBC}") = "Tyuiu.RotachAO.Sprint5.Task2.V9.Lib", "Tyuiu.RotachAO.Sprint5.Task2.V9.Lib\Tyuiu.RotachAO.Sprint5.Task2.V9.Lib.csproj", "{9AC9F5C9-2B98-4766-8452-E734FE15ACFB}"
EndProject
Project("{FAE04EC0-301F-11D3-BF4B-00C04F79EFBC}") = "Tyuiu.RotachAO.Sprint5.Task2.V9.Test", "Tyuiu.RotachAO.Sprint5.Task2.V9.Test\Tyuiu.RotachAO.Sprint5.Task2.V9.Test.csproj", "{27059BD4-E51F-4894-9FB6-00197A28975C}"
EndProject
Project("{2150E333-8FDC-42A3-9474-1A3956D46DE8}") = "Task3", "Task3", "{68B47746-0C10-4D57-B4FF-7235F3814EDD}"
EndProject
Project("{FAE04EC0-301F-11D3-BF4B-00C04F79EFBC}") = "Tyuiu.RotachAO.Sprint5.Task3.V10", "Tyuiu.RotachAO.Sprint5.Task3.V10\Tyuiu.RotachAO.Sprint5.Task3.V10.csproj", "{94553855-CEF2-471F-AAEA-1004F3AF7122}"
EndProject
Project("{FAE04EC0-301F-11D3-BF4B-00C04F79EFBC}") = "Tyuiu.RotachAO.Sprint5.Task3.V10.Lib", "Tyuiu.RotachAO.Sprint5.Task3.V10.Lib\Tyuiu.RotachAO.Sprint5.Task3.V10.Lib.csproj", "{D3941EAD-6B58-4460-BD79-B353F074DDF2}"
EndProject
Project("{FAE04EC0-301F-11D3-BF4B-00C04F79EFBC}") = "Tyuiu.RotachAO.Sprint5.Task3.V10.Test", "Tyuiu.RotachAO.Sprint5.Task3.V10.Test\Tyuiu.RotachAO.Sprint5.Task3.V10.Test.csproj", "{A8FCC4CC-5281-4095-B3CC-41E99E758152}"
EndProject
Project("{2150E333-8FDC-42A3-9474-1A3956D46DE8}") = "Task4", "Task4", "{BB976372-00C9-4BC2-B69C-6922A553B064}"
EndProject
Project("{FAE04EC0-301F-11D3-BF4B-00C04F79EFBC}") = "Tyuiu.RotachAO.Sprint5.Task4.V4", "Tyuiu.RotachAO.Sprint5.Task4.V4\Tyuiu.RotachAO.Sprint5.Task4.V4.csproj", "{6176D462-ED92-4B1E-BAB5-0E434386FAC4}"
EndProject
Project("{FAE04EC0-301F-11D3-BF4B-00C04F79EFBC}") = "Tyuiu.RotachAO.Sprint5.Task4.V4.Lib", "Tyuiu.RotachAO.Sprint5.Task4.V4.Lib\Tyuiu.RotachAO.Sprint5.Task4.V4.Lib.csproj", "{3F217500-01B4-427C-B244-ACFAC51CFF4C}"
EndProject
Project("{FAE04EC0-301F-11D3-BF4B-00C04F79EFBC}") = "Tyuiu.RotachAO.Sprint5.Task4.V4.Test", "Tyuiu.RotachAO.Sprint5.Task4.V4.Test\Tyuiu.RotachAO.Sprint5.Task4.V4.Test.csproj", "{763D1B02-C8F4-4BD7-89F9-766B28AA3542}"
EndProject
Project("{2150E333-8FDC-42A3-9474-1A3956D46DE8}") = "Task5", "Task5", "{559E5F71-7D33-4628-87ED-6B3FFC96D1A5}"
EndProject
Project("{FAE04EC0-301F-11D3-BF4B-00C04F79EFBC}") = "Tyuiu.RotachAO.Sprint5.Task5.V8", "Tyuiu.RotachAO.Sprint5.Task5.V8\Tyuiu.RotachAO.Sprint5.Task5.V8.csproj", "{9E42B5AF-B3BA-460D-9A01-275D3E4A2420}"
EndProject
Project("{FAE04EC0-301F-11D3-BF4B-00C04F79EFBC}") = "Tyuiu.RotachAO.Sprint5.Task5.V8.Lib", "Tyuiu.RotachAO.Sprint5.Task5.V8.Lib\Tyuiu.RotachAO.Sprint5.Task5.V8.Lib.csproj", "{954BD6D8-64F9-4EBF-8B6F-BFBA087DAE05}"
EndProject
Project("{FAE04EC0-301F-11D3-BF4B-00C04F79EFBC}") = "Tyuiu.RotachAO.Sprint5.Task5.V8.Test", "Tyuiu.RotachAO.Sprint5.Task5.V8.Test\Tyuiu.RotachAO.Sprint5.Task5.V8.Test.csproj", "{48E111F4-897B-475C-999B-48E93933B677}"
EndProject
Global
	GlobalSection(SolutionConfigurationPlatforms) = preSolution
		Debug|Any CPU = Debug|Any CPU
		Release|Any CPU = Release|Any CPU
	EndGlobalSection
	GlobalSection(ProjectConfigurationPlatforms) = postSolution
		{472F4A96-CC52-43DC-806C-2FB25B86D7A1}.Debug|Any CPU.ActiveCfg = Debug|Any CPU
		{472F4A96-CC52-43DC-806C-2FB25B86D7A1}.Debug|Any CPU.Build.0 = Debug|Any CPU
		{472F4A96-CC52-43DC-806C-2FB25B86D7A1}.Release|Any CPU.ActiveCfg = Release|Any CPU
		{472F4A96-CC52-43DC-806C-2FB25B86D7A1}.Release|Any CPU.Build.0 = Release|Any CPU
		{868543D3-64CB-4884-90A4-9E256728A2B6}.Debug|Any CPU.ActiveCfg = Debug|Any CPU
		{868543D3-64CB-4884-90A4-9E256728A2B6}.Debug|Any CPU.Build.0 = Debug|Any CPU
		{868543D3-64CB-4884-90A4-9E256728A2B6}.Release|Any CPU.ActiveCfg = Release|Any CPU
		{868543D3-64CB-4884-90A4-9E256728A2B6}.Release|Any CPU.Build.0 = Release|Any CPU
		{CBE2EF12-4F18-4066-8FEA-961B83A029D5}.Debug|Any CPU.ActiveCfg = Debug|Any CPU
		{CBE2EF12-4F18-4066-8FEA-961B83A029D5}.Debug|Any CPU.Build.0 = Debug|Any CPU
		{CBE2EF12-4F18-4066-8FEA-961B83A029D5}.Release|Any CPU.ActiveCfg = Release|Any CPU
		{CBE2EF12-4F18-4066-8FEA-961B83A029D5}.Release|Any CPU.Build.0 = Release|Any CPU
		{BE27721C-53B2-498E-91B3-2B9E5FD51DC3}.Debug|Any CPU.ActiveCfg = Debug|Any CPU
		{BE27721C-53B2-498E-91B3-2B9E5FD51DC3}.Debug|Any CPU.Build.0 = Debug|Any CPU
		{BE27721C-53B2-498E-91B3-2B9E5FD51DC3}.Release|Any CPU.ActiveCfg = Release|Any CPU
		{BE27721C-53B2-498E-91B3-2B9E5FD51DC3}.Release|Any CPU.Build.0 = Release|Any CPU
		{A11ACCD5-20A3-4961-9E34-E50D33E8CC62}.Debug|Any CPU.ActiveCfg = Debug|Any CPU
		{A11ACCD5-20A3-4961-9E34-E50D33E8CC62}.Debug|Any CPU.Build.0 = Debug|Any CPU
		{A11ACCD5-20A3-4961-9E34-E50D33E8CC62}.Release|Any CPU.ActiveCfg = Release|Any CPU
		{A11ACCD5-20A3-4961-9E34-E50D33E8CC62}.Release|Any CPU.Build.0 = Release|Any CPU
		{D7A79231-0E24-493F-BF8D-454F05FE65CA}.Debug|Any CPU.ActiveCfg = Debug|Any CPU
		{D7A79231-0E24-493F-BF8D-454F05FE65CA}.Debug|Any CPU.Build.0 = Debug|Any CPU
		{D7A79231-0E24-493F-BF8D-454F05FE65CA}.Release|Any CPU.ActiveCfg = Release|Any CPU
		{D7A79231-0E24-493F-BF8D-454F05FE65CA}.Release|Any CPU.Build.0 = Release|Any CPU
		{33E4B4B0-B39F-4683-865C-641C74E16989}.Debug|Any CPU.ActiveCfg = Debug|Any CPU
		{33E4B4B0-B39F-4683-865C-641C74E16989}.Debug|Any CPU.Build.0 = Debug|Any CPU
		{33E4B4B0-B39F-4683-865C-641C74E16989}.Release|Any CPU.ActiveCfg = Release|Any CPU
		{33E4B4B0-B39F-4683-865C-641C74E16989}.Release|Any CPU.Build.0 = Release|Any CPU
		{9AC9F5C9-2B98-4766-8452-E734FE15ACFB}.Debug|Any CPU.ActiveCfg = Debug|Any CPU
		{9AC9F5C9-2B98-4766-8452-E734FE15ACFB}.Debug|Any CPU.Build.0 = Debug|Any CPU
		{9AC9F5C9-2B98-4766-8452-E734FE15ACFB}.Release|Any CPU.ActiveCfg = Release|Any CPU
		{9AC9F5C9-2B98-4766-8452-E734FE15ACFB}.Release|Any CPU.Build.0 = Release|Any CPU
		{27059BD4-E51F-4894-9FB6-00197A28975C}.Debug|Any CPU.ActiveCfg = Debug|Any CPU
		{27059BD4-E51F-4894-9FB6-00197A28975C}.Debug|Any CPU.Build.0 = Debug|Any CPU
		{27059BD4-E51F-4894-9FB6-00197A28975C}.Release|Any CPU.ActiveCfg = Release|Any CPU
		{27059BD4-E51F-4894-9FB6-00197A28975C}.Release|Any CPU.Build.0 = Release|Any CPU
		{94553855-CEF2-471F-AAEA-1004F3AF7122}.Debug|Any CPU.ActiveCfg = Debug|Any CPU
		{94553855-CEF2-471F-AAEA-1004F3AF7122}.Debug|Any CPU.Build.0 = Debug|Any CPU
		{94553855-CEF2-471F-AAEA-1004F3AF7122}.Release|Any CPU.ActiveCfg = Release|Any CPU
		{94553855-CEF2-471F-AAEA-1004F3AF7122}.Release|Any CPU.Build.0 = Release|Any CPU
		{D3941EAD-6B58-4460-BD79-B353F074DDF2}.Debug|Any CPU.ActiveCfg = Debug|Any CPU
		{D3941EAD-6B58-4460-BD79-B353F074DDF2}.Debug|Any CPU.Build.0 = Debug|Any CPU
		{D3941EAD-6B58-4460-BD79-B353F074DDF2}.Release|Any CPU.ActiveCfg = Release|Any CPU
		{D3941EAD-6B58-4460-BD79-B353F074DDF2}.Release|Any CPU.Build.0 = Release|Any CPU
		{A8FCC4CC-5281-4095-B3CC-41E99E758152}.Debug|Any CPU.ActiveCfg = Debug|Any CPU
		{A8FCC4CC-5281-4095-B3CC-41E99E758152}.Debug|Any CPU.Build.0 = Debug|Any CPU
		{A8FCC4CC-5281-4095-B3CC-41E99E758152}.Release|Any CPU.ActiveCfg = Release|Any CPU
		{A8FCC4CC-5281-4095-B3CC-41E99E758152}.Release|Any CPU.Build.0 = Release|Any CPU
		{6176D462-ED92-4B1E-BAB5-0E434386FAC4}.Debug|Any CPU.ActiveCfg = Debug|Any CPU
		{6176D462-ED92-4B1E-BAB5-0E434386FAC4}.Debug|Any CPU.Build.0 = Debug|Any CPU
		{6176D462-ED92-4B1E-BAB5-0E434386FAC4}.Release|Any CPU.ActiveCfg = Release|Any CPU
		{6176D462-ED92-4B1E-BAB5-0E434386FAC4}.Release|Any CPU.Build.0 = Release|Any CPU
		{3F217500-01B4-427C-B244-ACFAC51CFF4C}.Debug|Any CPU.ActiveCfg = Debug|Any CPU
		{3F217500-01B4-427C-B244-ACFAC51CFF4C}.Debug|Any CPU.Build.0 = Debug|Any CPU
		{3F217500-01B4-427C-B244-ACFAC51CFF4C}.Release|Any CPU.ActiveCfg = Release|Any CPU
		{3F217500-01B4-427C-B244-ACFAC51CFF4C}.Release|Any CPU.Build.0 = Release|Any CPU
		{763D1B02-C8F4-4BD7-89F9-766B28AA3542}.Debug|Any CPU.ActiveCfg = Debug|Any CPU
		{763D1B02-C8F4-4BD7-89F9-766B28AA3542}.Debug|Any CPU.Build.0 = Debug|Any CPU
		{763D1B02-C8F4-4BD7-89F9-766B28AA3542}.Release|Any CPU.ActiveCfg = Release|Any CPU
		{763D1B02-C8F4-4BD7-89F9-766B28AA3542}.Release|Any CPU.Build.0 = Release|Any CPU
		{9E42B5AF-B3BA-460D-9A01-275D3E4A2420}.Debug|Any CPU.ActiveCfg = Debug|Any CPU
		{9E42B5AF-B3BA-460D-9A01-275D3E4A2420}.Debug|Any CPU.Build.0 = Debug|Any CPU
		{9E42B5AF-B3BA-460D-9A01-275D3E4A2420}.Release|Any CPU.ActiveCfg = Release|Any CPU
		{9E42B5AF-B3BA-460D-9A01-275D3E4A2420}.Release|Any CPU.Build.0 = Release|Any CPU
		{954BD6D8-64F9-4EBF-8B6F-BFBA087DAE05}.Debug|Any CPU.ActiveCfg = Debug|Any CPU
		{954BD6D8-64F9-4EBF-8B6F-BFBA087DAE05}.Debug|Any CPU.Build.0 = Debug|Any CPU
		{954BD6D8-64F9-4EBF-8B6F-BFBA087DAE05}.Release|Any CPU.ActiveCfg = Release|Any CPU
		{954BD6D8-64F9-4EBF-8B6F-BFBA087DAE05}.Release|Any CPU.Build.0 = Release|Any CPU
		{48E111F4-897B-475C-999B-48E93933B677}.Debug|Any CPU.ActiveCfg = Debug|Any CPU
		{48E111F4-897B-475C-999B-48E93933B677}.Debug|Any CPU.Build.0 = Debug|Any CPU
		{48E111F4-897B-475C-999B-48E93933B677}.Release|Any CPU.ActiveCfg = Release|Any CPU
		{48E111F4-897B-475C-999B-48E93933B677}.Release|Any CPU.Build.0 = Release|Any CPU
	EndGlobalSection
	GlobalSection(SolutionProperties) = preSolution
		HideSolutionNode = FALSE
	EndGlobalSection
	GlobalSection(NestedProjects) = preSolution
		{472F4A96-CC52-43DC-806C-2FB25B86D7A1} = {7951EBBB-6A99-4A54-B3D9-49620B1173DE}
		{868543D3-64CB-4884-90A4-9E256728A2B6} = {7951EBBB-6A99-4A54-B3D9-49620B1173DE}
		{CBE2EF12-4F18-4066-8FEA-961B83A029D5} = {7951EBBB-6A99-4A54-B3D9-49620B1173DE}
		{BE27721C-53B2-498E-91B3-2B9E5FD51DC3} = {38E3E9EE-F4E2-4975-9098-D612D5E45771}
		{A11ACCD5-20A3-4961-9E34-E50D33E8CC62} = {38E3E9EE-F4E2-4975-9098-D612D5E45771}
		{D7A79231-0E24-493F-BF8D-454F05FE65CA} = {38E3E9EE-F4E2-4975-9098-D612D5E45771}
		{33E4B4B0-B39F-4683-865C-641C74E16989} = {D335E07C-5D27-4C9D-AA85-772D253B090A}
		{9AC9F5C9-2B98-4766-8452-E734FE15ACFB} = {D335E07C-5D27-4C9D-AA85-772D253B090A}
		{27059BD4-E51F-4894-9FB6-00197A28975C} = {D335E07C-5D27-4C9D-AA85-772D253B090A}
		{94553855-CEF2-471F-AAEA-1004F3AF7122} = {68B47746-0C10-4D57-B4FF-7235F3814EDD}
		{D3941EAD-6B58-4460-BD79-B353F074DDF2} = {68B47746-0C10-4D57-B4FF-7235F3814EDD}
		{A8FCC4CC-5281-4095-B3CC-41E99E758152} = {68B47746-0C10-4D57-B4FF-7235F3814EDD}
		{6176D462-ED92-4B1E-BAB5-0E434386FAC4} = {BB976372-00C9-4BC2-B69C-6922A553B064}
		{3F217500-01B4-427C-B244-ACFAC51CFF4C} = {BB976372-00C9-4BC2-B69C-6922A553B064}
		{763D1B02-C8F4-4BD7-89F9-766B28AA3542} = {BB976372-00C9-4BC2-B69C-6922A553B064}
		{9E42B5AF-B3BA-460D-9A01-275D3E4A2420} = {559E5F71-7D33-4628-87ED-6B3FFC96D1A5}
		{954BD6D8-64F9-4EBF-8B6F-BFBA087DAE05} = {559E5F71-7D33-4628-87ED-6B3FFC96D1A5}
		{48E111F4-897B-475C-999B-48E93933B677} = {559E5F71-7D33-4628-87ED-6B3FFC96D1A5}
	EndGlobalSection
	GlobalSection(ExtensibilityGlobals) = postSolution
		SolutionGuid = {65C4AD66-A6E1-4033-98E7-FD19D1939A7A}
	EndGlobalSection
EndGlobal
